
Microsoft Visual Studio Solution File, Format Version 12.00
# Visual Studio Version 17
VisualStudioVersion = 17.13.35806.99 d17.13
MinimumVisualStudioVersion = 10.0.40219.1
Project("{FAE04EC0-301F-11D3-BF4B-00C04F79EFBC}") = "Attendance Management System", "Attendance Management System\Attendance Management System.csproj", "{EF4A991A-9578-416C-AAE0-D66EBD8D1DBA}"
EndProject
Global
	GlobalSection(SolutionConfigurationPlatforms) = preSolution
		Debug|Any CPU = Debug|Any CPU
		Release|Any CPU = Release|Any CPU
	EndGlobalSection
	GlobalSection(ProjectConfigurationPlatforms) = postSolution
		{EF4A991A-9578-416C-AAE0-D66EBD8D1DBA}.Debug|Any CPU.ActiveCfg = Debug|Any CPU
		{EF4A991A-9578-416C-AAE0-D66EBD8D1DBA}.Debug|Any CPU.Build.0 = Debug|Any CPU
		{EF4A991A-9578-416C-AAE0-D66EBD8D1DBA}.Release|Any CPU.ActiveCfg = Release|Any CPU
		{EF4A991A-9578-416C-AAE0-D66EBD8D1DBA}.Release|Any CPU.Build.0 = Release|Any CPU
	EndGlobalSection
	GlobalSection(SolutionProperties) = preSolution
		HideSolutionNode = FALSE
	EndGlobalSection
	GlobalSection(ExtensibilityGlobals) = postSolution
		SolutionGuid = {98D97F70-8EC2-4B68-92A2-A15B4897EAE7}
	EndGlobalSection
EndGlobal
